// !$*UTF8*$!
{
	archiveVersion = 1;
	classes = {
	};
	objectVersion = 50;
	objects = {

/* Begin PBXBuildFile section */
		8E61937824EE18AF0009BB9E /* Covid19App.swift in Sources */ = {isa = PBXBuildFile; fileRef = 8E61936524EE18AD0009BB9E /* Covid19App.swift */; };
		8E61937924EE18AF0009BB9E /* Covid19App.swift in Sources */ = {isa = PBXBuildFile; fileRef = 8E61936524EE18AD0009BB9E /* Covid19App.swift */; };
		8E61937A24EE18AF0009BB9E /* ContentView.swift in Sources */ = {isa = PBXBuildFile; fileRef = 8E61936624EE18AD0009BB9E /* ContentView.swift */; };
		8E61937B24EE18AF0009BB9E /* ContentView.swift in Sources */ = {isa = PBXBuildFile; fileRef = 8E61936624EE18AD0009BB9E /* ContentView.swift */; };
		8E61937C24EE18AF0009BB9E /* Assets.xcassets in Resources */ = {isa = PBXBuildFile; fileRef = 8E61936724EE18AF0009BB9E /* Assets.xcassets */; };
		8E61937D24EE18AF0009BB9E /* Assets.xcassets in Resources */ = {isa = PBXBuildFile; fileRef = 8E61936724EE18AF0009BB9E /* Assets.xcassets */; };
/* End PBXBuildFile section */

/* Begin PBXFileReference section */
		8E61936524EE18AD0009BB9E /* Covid19App.swift */ = {isa = PBXFileReference; lastKnownFileType = sourcecode.swift; path = Covid19App.swift; sourceTree = "<group>"; };
		8E61936624EE18AD0009BB9E /* ContentView.swift */ = {isa = PBXFileReference; lastKnownFileType = sourcecode.swift; path = ContentView.swift; sourceTree = "<group>"; };
		8E61936724EE18AF0009BB9E /* Assets.xcassets */ = {isa = PBXFileReference; lastKnownFileType = folder.assetcatalog; path = Assets.xcassets; sourceTree = "<group>"; };
		8E61936C24EE18AF0009BB9E /* Covid19.app */ = {isa = PBXFileReference; explicitFileType = wrapper.application; includeInIndex = 0; path = Covid19.app; sourceTree = BUILT_PRODUCTS_DIR; };
		8E61936F24EE18AF0009BB9E /* Info.plist */ = {isa = PBXFileReference; lastKnownFileType = text.plist.xml; path = Info.plist; sourceTree = "<group>"; };
		8E61937424EE18AF0009BB9E /* Covid19.app */ = {isa = PBXFileReference; explicitFileType = wrapper.application; includeInIndex = 0; path = Covid19.app; sourceTree = BUILT_PRODUCTS_DIR; };
		8E61937624EE18AF0009BB9E /* Info.plist */ = {isa = PBXFileReference; lastKnownFileType = text.plist.xml; path = Info.plist; sourceTree = "<group>"; };
		8E61937724EE18AF0009BB9E /* macOS.entitlements */ = {isa = PBXFileReference; lastKnownFileType = text.plist.entitlements; path = macOS.entitlements; sourceTree = "<group>"; };
/* End PBXFileReference section */

/* Begin PBXFrameworksBuildPhase section */
		8E61936924EE18AF0009BB9E /* Frameworks */ = {
			isa = PBXFrameworksBuildPhase;
			buildActionMask = 2147483647;
			files = (
			);
			runOnlyForDeploymentPostprocessing = 0;
		};
		8E61937124EE18AF0009BB9E /* Frameworks */ = {
			isa = PBXFrameworksBuildPhase;
			buildActionMask = 2147483647;
			files = (
			);
			runOnlyForDeploymentPostprocessing = 0;
		};
/* End PBXFrameworksBuildPhase section */

/* Begin PBXGroup section */
		8E61935F24EE18AD0009BB9E = {
			isa = PBXGroup;
			children = (
				8E61936424EE18AD0009BB9E /* Shared */,
				8E61936E24EE18AF0009BB9E /* iOS */,
				8E61937524EE18AF0009BB9E /* macOS */,
				8E61936D24EE18AF0009BB9E /* Products */,
			);
			sourceTree = "<group>";
		};
		8E61936424EE18AD0009BB9E /* Shared */ = {
			isa = PBXGroup;
			children = (
				8E61936524EE18AD0009BB9E /* Covid19App.swift */,
				8E61936624EE18AD0009BB9E /* ContentView.swift */,
				8E61936724EE18AF0009BB9E /* Assets.xcassets */,
			);
			path = Shared;
			sourceTree = "<group>";
		};
		8E61936D24EE18AF0009BB9E /* Products */ = {
			isa = PBXGroup;
			children = (
				8E61936C24EE18AF0009BB9E /* Covid19.app */,
				8E61937424EE18AF0009BB9E /* Covid19.app */,
			);
			name = Products;
			sourceTree = "<group>";
		};
		8E61936E24EE18AF0009BB9E /* iOS */ = {
			isa = PBXGroup;
			children = (
				8E61936F24EE18AF0009BB9E /* Info.plist */,
			);
			path = iOS;
			sourceTree = "<group>";
		};
		8E61937524EE18AF0009BB9E /* macOS */ = {
			isa = PBXGroup;
			children = (
				8E61937624EE18AF0009BB9E /* Info.plist */,
				8E61937724EE18AF0009BB9E /* macOS.entitlements */,
			);
			path = macOS;
			sourceTree = "<group>";
		};
/* End PBXGroup section */

/* Begin PBXNativeTarget section */
		8E61936B24EE18AF0009BB9E /* Covid19 (iOS) */ = {
			isa = PBXNativeTarget;
			buildConfigurationList = 8E61938024EE18AF0009BB9E /* Build configuration list for PBXNativeTarget "Covid19 (iOS)" */;
			buildPhases = (
				8E61936824EE18AF0009BB9E /* Sources */,
				8E61936924EE18AF0009BB9E /* Frameworks */,
				8E61936A24EE18AF0009BB9E /* Resources */,
			);
			buildRules = (
			);
			dependencies = (
			);
			name = "Covid19 (iOS)";
			productName = "Covid19 (iOS)";
			productReference = 8E61936C24EE18AF0009BB9E /* Covid19.app */;
			productType = "com.apple.product-type.application";
		};
		8E61937324EE18AF0009BB9E /* Covid19 (macOS) */ = {
			isa = PBXNativeTarget;
			buildConfigurationList = 8E61938324EE18AF0009BB9E /* Build configuration list for PBXNativeTarget "Covid19 (macOS)" */;
			buildPhases = (
				8E61937024EE18AF0009BB9E /* Sources */,
				8E61937124EE18AF0009BB9E /* Frameworks */,
				8E61937224EE18AF0009BB9E /* Resources */,
			);
			buildRules = (
			);
			dependencies = (
			);
			name = "Covid19 (macOS)";
			productName = "Covid19 (macOS)";
			productReference = 8E61937424EE18AF0009BB9E /* Covid19.app */;
			productType = "com.apple.product-type.application";
		};
/* End PBXNativeTarget section */

/* Begin PBXProject section */
		8E61936024EE18AD0009BB9E /* Project object */ = {
			isa = PBXProject;
			attributes = {
				LastSwiftUpdateCheck = 1200;
				LastUpgradeCheck = 1200;
				TargetAttributes = {
					8E61936B24EE18AF0009BB9E = {
						CreatedOnToolsVersion = 12.0;
					};
					8E61937324EE18AF0009BB9E = {
						CreatedOnToolsVersion = 12.0;
					};
				};
			};
			buildConfigurationList = 8E61936324EE18AD0009BB9E /* Build configuration list for PBXProject "Covid19" */;
			compatibilityVersion = "Xcode 9.3";
			developmentRegion = en;
			hasScannedForEncodings = 0;
			knownRegions = (
				en,
				Base,
			);
			mainGroup = 8E61935F24EE18AD0009BB9E;
			productRefGroup = 8E61936D24EE18AF0009BB9E /* Products */;
			projectDirPath = "";
			projectRoot = "";
			targets = (
				8E61936B24EE18AF0009BB9E /* Covid19 (iOS) */,
				8E61937324EE18AF0009BB9E /* Covid19 (macOS) */,
			);
		};
/* End PBXProject section */

/* Begin PBXResourcesBuildPhase section */
		8E61936A24EE18AF0009BB9E /* Resources */ = {
			isa = PBXResourcesBuildPhase;
			buildActionMask = 2147483647;
			files = (
				8E61937C24EE18AF0009BB9E /* Assets.xcassets in Resources */,
			);
			runOnlyForDeploymentPostprocessing = 0;
		};
		8E61937224EE18AF0009BB9E /* Resources */ = {
			isa = PBXResourcesBuildPhase;
			buildActionMask = 2147483647;
			files = (
				8E61937D24EE18AF0009BB9E /* Assets.xcassets in Resources */,
			);
			runOnlyForDeploymentPostprocessing = 0;
		};
/* End PBXResourcesBuildPhase section */

/* Begin PBXSourcesBuildPhase section */
		8E61936824EE18AF0009BB9E /* Sources */ = {
			isa = PBXSourcesBuildPhase;
			buildActionMask = 2147483647;
			files = (
				8E61937A24EE18AF0009BB9E /* ContentView.swift in Sources */,
				8E61937824EE18AF0009BB9E /* Covid19App.swift in Sources */,
			);
			runOnlyForDeploymentPostprocessing = 0;
		};
		8E61937024EE18AF0009BB9E /* Sources */ = {
			isa = PBXSourcesBuildPhase;
			buildActionMask = 2147483647;
			files = (
				8E61937B24EE18AF0009BB9E /* ContentView.swift in Sources */,
				8E61937924EE18AF0009BB9E /* Covid19App.swift in Sources */,
			);
			runOnlyForDeploymentPostprocessing = 0;
		};
/* End PBXSourcesBuildPhase section */

/* Begin XCBuildConfiguration section */
		8E61937E24EE18AF0009BB9E /* Debug */ = {
			isa = XCBuildConfiguration;
			buildSettings = {
				ALWAYS_SEARCH_USER_PATHS = NO;
				CLANG_ANALYZER_NONNULL = YES;
				CLANG_ANALYZER_NUMBER_OBJECT_CONVERSION = YES_AGGRESSIVE;
				CLANG_CXX_LANGUAGE_STANDARD = "gnu++14";
				CLANG_CXX_LIBRARY = "libc++";
				CLANG_ENABLE_MODULES = YES;
				CLANG_ENABLE_OBJC_ARC = YES;
				CLANG_ENABLE_OBJC_WEAK = YES;
				CLANG_WARN_BLOCK_CAPTURE_AUTORELEASING = YES;
				CLANG_WARN_BOOL_CONVERSION = YES;
				CLANG_WARN_COMMA = YES;
				CLANG_WARN_CONSTANT_CONVERSION = YES;
				CLANG_WARN_DEPRECATED_OBJC_IMPLEMENTATIONS = YES;
				CLANG_WARN_DIRECT_OBJC_ISA_USAGE = YES_ERROR;
				CLANG_WARN_DOCUMENTATION_COMMENTS = YES;
				CLANG_WARN_EMPTY_BODY = YES;
				CLANG_WARN_ENUM_CONVERSION = YES;
				CLANG_WARN_INFINITE_RECURSION = YES;
				CLANG_WARN_INT_CONVERSION = YES;
				CLANG_WARN_NON_LITERAL_NULL_CONVERSION = YES;
				CLANG_WARN_OBJC_IMPLICIT_RETAIN_SELF = YES;
				CLANG_WARN_OBJC_LITERAL_CONVERSION = YES;
				CLANG_WARN_OBJC_ROOT_CLASS = YES_ERROR;
				CLANG_WARN_QUOTED_INCLUDE_IN_FRAMEWORK_HEADER = YES;
				CLANG_WARN_RANGE_LOOP_ANALYSIS = YES;
				CLANG_WARN_STRICT_PROTOTYPES = YES;
				CLANG_WARN_SUSPICIOUS_MOVE = YES;
				CLANG_WARN_UNGUARDED_AVAILABILITY = YES_AGGRESSIVE;
				CLANG_WARN_UNREACHABLE_CODE = YES;
				CLANG_WARN__DUPLICATE_METHOD_MATCH = YES;
				COPY_PHASE_STRIP = NO;
				DEBUG_INFORMATION_FORMAT = dwarf;
				ENABLE_STRICT_OBJC_MSGSEND = YES;
				ENABLE_TESTABILITY = YES;
				GCC_C_LANGUAGE_STANDARD = gnu11;
				GCC_DYNAMIC_NO_PIC = NO;
				GCC_NO_COMMON_BLOCKS = YES;
				GCC_OPTIMIZATION_LEVEL = 0;
				GCC_PREPROCESSOR_DEFINITIONS = (
					"DEBUG=1",
					"$(inherited)",
				);
				GCC_WARN_64_TO_32_BIT_CONVERSION = YES;
				GCC_WARN_ABOUT_RETURN_TYPE = YES_ERROR;
				GCC_WARN_UNDECLARED_SELECTOR = YES;
				GCC_WARN_UNINITIALIZED_AUTOS = YES_AGGRESSIVE;
				GCC_WARN_UNUSED_FUNCTION = YES;
				GCC_WARN_UNUSED_VARIABLE = YES;
				MTL_ENABLE_DEBUG_INFO = INCLUDE_SOURCE;
				MTL_FAST_MATH = YES;
				ONLY_ACTIVE_ARCH = YES;
				SWIFT_ACTIVE_COMPILATION_CONDITIONS = DEBUG;
				SWIFT_OPTIMIZATION_LEVEL = "-Onone";
			};
			name = Debug;
		};
		8E61937F24EE18AF0009BB9E /* Release */ = {
			isa = XCBuildConfiguration;
			buildSettings = {
				ALWAYS_SEARCH_USER_PATHS = NO;
				CLANG_ANALYZER_NONNULL = YES;
				CLANG_ANALYZER_NUMBER_OBJECT_CONVERSION = YES_AGGRESSIVE;
				CLANG_CXX_LANGUAGE_STANDARD = "gnu++14";
				CLANG_CXX_LIBRARY = "libc++";
				CLANG_ENABLE_MODULES = YES;
				CLANG_ENABLE_OBJC_ARC = YES;
				CLANG_ENABLE_OBJC_WEAK = YES;
				CLANG_WARN_BLOCK_CAPTURE_AUTORELEASING = YES;
				CLANG_WARN_BOOL_CONVERSION = YES;
				CLANG_WARN_COMMA = YES;
				CLANG_WARN_CONSTANT_CONVERSION = YES;
				CLANG_WARN_DEPRECATED_OBJC_IMPLEMENTATIONS = YES;
				CLANG_WARN_DIRECT_OBJC_ISA_USAGE = YES_ERROR;
				CLANG_WARN_DOCUMENTATION_COMMENTS = YES;
				CLANG_WARN_EMPTY_BODY = YES;
				CLANG_WARN_ENUM_CONVERSION = YES;
				CLANG_WARN_INFINITE_RECURSION = YES;
				CLANG_WARN_INT_CONVERSION = YES;
				CLANG_WARN_NON_LITERAL_NULL_CONVERSION = YES;
				CLANG_WARN_OBJC_IMPLICIT_RETAIN_SELF = YES;
				CLANG_WARN_OBJC_LITERAL_CONVERSION = YES;
				CLANG_WARN_OBJC_ROOT_CLASS = YES_ERROR;
				CLANG_WARN_QUOTED_INCLUDE_IN_FRAMEWORK_HEADER = YES;
				CLANG_WARN_RANGE_LOOP_ANALYSIS = YES;
				CLANG_WARN_STRICT_PROTOTYPES = YES;
				CLANG_WARN_SUSPICIOUS_MOVE = YES;
				CLANG_WARN_UNGUARDED_AVAILABILITY = YES_AGGRESSIVE;
				CLANG_WARN_UNREACHABLE_CODE = YES;
				CLANG_WARN__DUPLICATE_METHOD_MATCH = YES;
				COPY_PHASE_STRIP = NO;
				DEBUG_INFORMATION_FORMAT = "dwarf-with-dsym";
				ENABLE_NS_ASSERTIONS = NO;
				ENABLE_STRICT_OBJC_MSGSEND = YES;
				GCC_C_LANGUAGE_STANDARD = gnu11;
				GCC_NO_COMMON_BLOCKS = YES;
				GCC_WARN_64_TO_32_BIT_CONVERSION = YES;
				GCC_WARN_ABOUT_RETURN_TYPE = YES_ERROR;
				GCC_WARN_UNDECLARED_SELECTOR = YES;
				GCC_WARN_UNINITIALIZED_AUTOS = YES_AGGRESSIVE;
				GCC_WARN_UNUSED_FUNCTION = YES;
				GCC_WARN_UNUSED_VARIABLE = YES;
				MTL_ENABLE_DEBUG_INFO = NO;
				MTL_FAST_MATH = YES;
				SWIFT_COMPILATION_MODE = wholemodule;
				SWIFT_OPTIMIZATION_LEVEL = "-O";
			};
			name = Release;
		};
		8E61938124EE18AF0009BB9E /* Debug */ = {
			isa = XCBuildConfiguration;
			buildSettings = {
				ASSETCATALOG_COMPILER_APPICON_NAME = AppIcon;
				ASSETCATALOG_COMPILER_GLOBAL_ACCENT_COLOR_NAME = AccentColor;
				CODE_SIGN_STYLE = Automatic;
				DEVELOPMENT_TEAM = 36N44DK44C;
				ENABLE_PREVIEWS = YES;
				INFOPLIST_FILE = iOS/Info.plist;
				IPHONEOS_DEPLOYMENT_TARGET = 14.0;
				LD_RUNPATH_SEARCH_PATHS = (
					"$(inherited)",
					"@executable_path/Frameworks",
				);
				PRODUCT_BUNDLE_IDENTIFIER = praveen.Covid19;
				PRODUCT_NAME = Covid19;
				SDKROOT = iphoneos;
				SWIFT_VERSION = 5.0;
				TARGETED_DEVICE_FAMILY = "1,2";
			};
			name = Debug;
		};
		8E61938224EE18AF0009BB9E /* Release */ = {
			isa = XCBuildConfiguration;
			buildSettings = {
				ASSETCATALOG_COMPILER_APPICON_NAME = AppIcon;
				ASSETCATALOG_COMPILER_GLOBAL_ACCENT_COLOR_NAME = AccentColor;
				CODE_SIGN_STYLE = Automatic;
				DEVELOPMENT_TEAM = 36N44DK44C;
				ENABLE_PREVIEWS = YES;
				INFOPLIST_FILE = iOS/Info.plist;
				IPHONEOS_DEPLOYMENT_TARGET = 14.0;
				LD_RUNPATH_SEARCH_PATHS = (
					"$(inherited)",
					"@executable_path/Frameworks",
				);
				PRODUCT_BUNDLE_IDENTIFIER = praveen.Covid19;
				PRODUCT_NAME = Covid19;
				SDKROOT = iphoneos;
				SWIFT_VERSION = 5.0;
				TARGETED_DEVICE_FAMILY = "1,2";
				VALIDATE_PRODUCT = YES;
			};
			name = Release;
		};
		8E61938424EE18AF0009BB9E /* Debug */ = {
			isa = XCBuildConfiguration;
			buildSettings = {
				ASSETCATALOG_COMPILER_APPICON_NAME = AppIcon;
				ASSETCATALOG_COMPILER_GLOBAL_ACCENT_COLOR_NAME = AccentColor;
				CODE_SIGN_ENTITLEMENTS = macOS/macOS.entitlements;
				CODE_SIGN_STYLE = Automatic;
				COMBINE_HIDPI_IMAGES = YES;
				DEVELOPMENT_TEAM = 36N44DK44C;
				ENABLE_HARDENED_RUNTIME = YES;
				ENABLE_PREVIEWS = YES;
				INFOPLIST_FILE = macOS/Info.plist;
				LD_RUNPATH_SEARCH_PATHS = (
					"$(inherited)",
					"@executable_path/../Frameworks",
				);
				MACOSX_DEPLOYMENT_TARGET = 11.0;
				PRODUCT_BUNDLE_IDENTIFIER = praveen.Covid19;
				PRODUCT_NAME = Covid19;
				SDKROOT = macosx;
				SWIFT_VERSION = 5.0;
			};
			name = Debug;
		};
		8E61938524EE18AF0009BB9E /* Release */ = {
			isa = XCBuildConfiguration;
			buildSettings = {
				ASSETCATALOG_COMPILER_APPICON_NAME = AppIcon;
				ASSETCATALOG_COMPILER_GLOBAL_ACCENT_COLOR_NAME = AccentColor;
				CODE_SIGN_ENTITLEMENTS = macOS/macOS.entitlements;
				CODE_SIGN_STYLE = Automatic;
				COMBINE_HIDPI_IMAGES = YES;
				DEVELOPMENT_TEAM = 36N44DK44C;
				ENABLE_HARDENED_RUNTIME = YES;
				ENABLE_PREVIEWS = YES;
				INFOPLIST_FILE = macOS/Info.plist;
				LD_RUNPATH_SEARCH_PATHS = (
					"$(inherited)",
					"@executable_path/../Frameworks",
				);
				MACOSX_DEPLOYMENT_TARGET = 11.0;
				PRODUCT_BUNDLE_IDENTIFIER = praveen.Covid19;
				PRODUCT_NAME = Covid19;
				SDKROOT = macosx;
				SWIFT_VERSION = 5.0;
			};
			name = Release;
		};
/* End XCBuildConfiguration section */

/* Begin XCConfigurationList section */
		8E61936324EE18AD0009BB9E /* Build configuration list for PBXProject "Covid19" */ = {
			isa = XCConfigurationList;
			buildConfigurations = (
				8E61937E24EE18AF0009BB9E /* Debug */,
				8E61937F24EE18AF0009BB9E /* Release */,
			);
			defaultConfigurationIsVisible = 0;
			defaultConfigurationName = Release;
		};
		8E61938024EE18AF0009BB9E /* Build configuration list for PBXNativeTarget "Covid19 (iOS)" */ = {
			isa = XCConfigurationList;
			buildConfigurations = (
				8E61938124EE18AF0009BB9E /* Debug */,
				8E61938224EE18AF0009BB9E /* Release */,
			);
			defaultConfigurationIsVisible = 0;
			defaultConfigurationName = Release;
		};
		8E61938324EE18AF0009BB9E /* Build configuration list for PBXNativeTarget "Covid19 (macOS)" */ = {
			isa = XCConfigurationList;
			buildConfigurations = (
				8E61938424EE18AF0009BB9E /* Debug */,
				8E61938524EE18AF0009BB9E /* Release */,
			);
			defaultConfigurationIsVisible = 0;
			defaultConfigurationName = Release;
		};
/* End XCConfigurationList section */
	};
	rootObject = 8E61936024EE18AD0009BB9E /* Project object */;
}
